
Microsoft Visual Studio Solution File, Format Version 12.00
# Visual Studio Version 16
VisualStudioVersion = 16.0.29411.108
MinimumVisualStudioVersion = 10.0.40219.1
Project("{2150E333-8FDC-42A3-9474-1A3956D46DE8}") = "Presentation", "Presentation", "{D62F8C19-D62C-44C1-80B8-B5FB81CAE419}"
EndProject
Project("{FAE04EC0-301F-11D3-BF4B-00C04F79EFBC}") = "WebApplication", "WebApplication\WebApplication.csproj", "{E33D7182-940B-4F26-B9F9-D177182692CF}"
EndProject
Global
	GlobalSection(SolutionConfigurationPlatforms) = preSolution
		Debug|Any CPU = Debug|Any CPU
		Release|Any CPU = Release|Any CPU
	EndGlobalSection
	GlobalSection(ProjectConfigurationPlatforms) = postSolution
		{E33D7182-940B-4F26-B9F9-D177182692CF}.Debug|Any CPU.ActiveCfg = Debug|Any CPU
		{E33D7182-940B-4F26-B9F9-D177182692CF}.Debug|Any CPU.Build.0 = Debug|Any CPU
		{E33D7182-940B-4F26-B9F9-D177182692CF}.Release|Any CPU.ActiveCfg = Release|Any CPU
		{E33D7182-940B-4F26-B9F9-D177182692CF}.Release|Any CPU.Build.0 = Release|Any CPU
	EndGlobalSection
	GlobalSection(SolutionProperties) = preSolution
		HideSolutionNode = FALSE
	EndGlobalSection
	GlobalSection(NestedProjects) = preSolution
		{E33D7182-940B-4F26-B9F9-D177182692CF} = {D62F8C19-D62C-44C1-80B8-B5FB81CAE419}
	EndGlobalSection
	GlobalSection(ExtensibilityGlobals) = postSolution
		SolutionGuid = {99DB81A5-333F-4AD4-A933-D5FF54B2E953}
	EndGlobalSection
EndGlobal
